version = 1
requires-python = ">=3.10"

[[package]]
name = "protobuf"
version = "5.29.3"
source = { registry = "https://pypi.org/simple" }
sdist = { url = "https://files.pythonhosted.org/packages/f7/d1/e0a911544ca9993e0f17ce6d3cc0932752356c1b0a834397f28e63479344/protobuf-5.29.3.tar.gz", hash = "sha256:5da0f41edaf117bde316404bad1a486cb4ededf8e4a54891296f648e8e076620", size = 424945 }
wheels = [
    { url = "https://files.pythonhosted.org/packages/dc/7a/1e38f3cafa022f477ca0f57a1f49962f21ad25850c3ca0acd3b9d0091518/protobuf-5.29.3-cp310-abi3-win32.whl", hash = "sha256:3ea51771449e1035f26069c4c7fd51fba990d07bc55ba80701c78f886bf9c888", size = 422708 },
    { url = "https://files.pythonhosted.org/packages/61/fa/aae8e10512b83de633f2646506a6d835b151edf4b30d18d73afd01447253/protobuf-5.29.3-cp310-abi3-win_amd64.whl", hash = "sha256:a4fa6f80816a9a0678429e84973f2f98cbc218cca434abe8db2ad0bffc98503a", size = 434508 },
    { url = "https://files.pythonhosted.org/packages/dd/04/3eaedc2ba17a088961d0e3bd396eac764450f431621b58a04ce898acd126/protobuf-5.29.3-cp38-abi3-macosx_10_9_universal2.whl", hash = "sha256:a8434404bbf139aa9e1300dbf989667a83d42ddda9153d8ab76e0d5dcaca484e", size = 417825 },
    { url = "https://files.pythonhosted.org/packages/4f/06/7c467744d23c3979ce250397e26d8ad8eeb2bea7b18ca12ad58313c1b8d5/protobuf-5.29.3-cp38-abi3-manylinux2014_aarch64.whl", hash = "sha256:daaf63f70f25e8689c072cfad4334ca0ac1d1e05a92fc15c54eb9cf23c3efd84", size = 319573 },
    { url = "https://files.pythonhosted.org/packages/a8/45/2ebbde52ad2be18d3675b6bee50e68cd73c9e0654de77d595540b5129df8/protobuf-5.29.3-cp38-abi3-manylinux2014_x86_64.whl", hash = "sha256:c027e08a08be10b67c06bf2370b99c811c466398c357e615ca88c91c07f0910f", size = 319672 },
    { url = "https://files.pythonhosted.org/packages/fd/b2/ab07b09e0f6d143dfb839693aa05765257bceaa13d03bf1a696b78323e7a/protobuf-5.29.3-py3-none-any.whl", hash = "sha256:0a18ed4a24198528f2333802eb075e59dea9d679ab7a6c5efb017a59004d849f", size = 172550 },
]

[[package]]
name = "sync-tooling-msgs"
version = "0.1.0"
source = { editable = "." }
dependencies = [
    { name = "protobuf" },
]

[package.metadata]
requires-dist = [{ name = "protobuf", specifier = ">=5.29.3" }]
